
Microsoft Visual Studio Solution File, Format Version 12.00
# Visual Studio Version 17
VisualStudioVersion = 17.5.33530.505
MinimumVisualStudioVersion = 10.0.40219.1
Project("{FAE04EC0-301F-11D3-BF4B-00C04F79EFBC}") = "BaseClasses", "BaseClasses\BaseClasses.csproj", "{14C733B4-9C67-4FE1-986F-185956FFC0B8}"
EndProject
Project("{FAE04EC0-301F-11D3-BF4B-00C04F79EFBC}") = "Main", "Main\Main.csproj", "{82F00DC3-7321-480B-A289-0E038DBEC692}"
EndProject
Project("{FAE04EC0-301F-11D3-BF4B-00C04F79EFBC}") = "Managers", "Managers\Managers.csproj", "{99A23BD7-2CCE-4093-AE95-764F09402CEB}"
EndProject
Project("{FAE04EC0-301F-11D3-BF4B-00C04F79EFBC}") = "PageGroups", "PageGroups\PageGroups.csproj", "{5A8D5869-B45A-4B84-87FE-80368F3F663A}"
EndProject
Global
	GlobalSection(SolutionConfigurationPlatforms) = preSolution
		Debug|Any CPU = Debug|Any CPU
		Debug|x64 = Debug|x64
		Debug|x86 = Debug|x86
		Release|Any CPU = Release|Any CPU
		Release|x64 = Release|x64
		Release|x86 = Release|x86
	EndGlobalSection
	GlobalSection(ProjectConfigurationPlatforms) = postSolution
		{14C733B4-9C67-4FE1-986F-185956FFC0B8}.Debug|Any CPU.ActiveCfg = Debug|Any CPU
		{14C733B4-9C67-4FE1-986F-185956FFC0B8}.Debug|Any CPU.Build.0 = Debug|Any CPU
		{14C733B4-9C67-4FE1-986F-185956FFC0B8}.Debug|x64.ActiveCfg = Debug|Any CPU
		{14C733B4-9C67-4FE1-986F-185956FFC0B8}.Debug|x64.Build.0 = Debug|Any CPU
		{14C733B4-9C67-4FE1-986F-185956FFC0B8}.Debug|x86.ActiveCfg = Debug|Any CPU
		{14C733B4-9C67-4FE1-986F-185956FFC0B8}.Debug|x86.Build.0 = Debug|Any CPU
		{14C733B4-9C67-4FE1-986F-185956FFC0B8}.Release|Any CPU.ActiveCfg = Release|Any CPU
		{14C733B4-9C67-4FE1-986F-185956FFC0B8}.Release|Any CPU.Build.0 = Release|Any CPU
		{14C733B4-9C67-4FE1-986F-185956FFC0B8}.Release|x64.ActiveCfg = Release|Any CPU
		{14C733B4-9C67-4FE1-986F-185956FFC0B8}.Release|x64.Build.0 = Release|Any CPU
		{14C733B4-9C67-4FE1-986F-185956FFC0B8}.Release|x86.ActiveCfg = Release|Any CPU
		{14C733B4-9C67-4FE1-986F-185956FFC0B8}.Release|x86.Build.0 = Release|Any CPU
		{82F00DC3-7321-480B-A289-0E038DBEC692}.Debug|Any CPU.ActiveCfg = Debug|Any CPU
		{82F00DC3-7321-480B-A289-0E038DBEC692}.Debug|Any CPU.Build.0 = Debug|Any CPU
		{82F00DC3-7321-480B-A289-0E038DBEC692}.Debug|x64.ActiveCfg = Debug|Any CPU
		{82F00DC3-7321-480B-A289-0E038DBEC692}.Debug|x64.Build.0 = Debug|Any CPU
		{82F00DC3-7321-480B-A289-0E038DBEC692}.Debug|x86.ActiveCfg = Debug|Any CPU
		{82F00DC3-7321-480B-A289-0E038DBEC692}.Debug|x86.Build.0 = Debug|Any CPU
		{82F00DC3-7321-480B-A289-0E038DBEC692}.Release|Any CPU.ActiveCfg = Release|Any CPU
		{82F00DC3-7321-480B-A289-0E038DBEC692}.Release|Any CPU.Build.0 = Release|Any CPU
		{82F00DC3-7321-480B-A289-0E038DBEC692}.Release|x64.ActiveCfg = Release|Any CPU
		{82F00DC3-7321-480B-A289-0E038DBEC692}.Release|x64.Build.0 = Release|Any CPU
		{82F00DC3-7321-480B-A289-0E038DBEC692}.Release|x86.ActiveCfg = Release|Any CPU
		{82F00DC3-7321-480B-A289-0E038DBEC692}.Release|x86.Build.0 = Release|Any CPU
		{99A23BD7-2CCE-4093-AE95-764F09402CEB}.Debug|Any CPU.ActiveCfg = Debug|Any CPU
		{99A23BD7-2CCE-4093-AE95-764F09402CEB}.Debug|Any CPU.Build.0 = Debug|Any CPU
		{99A23BD7-2CCE-4093-AE95-764F09402CEB}.Debug|x64.ActiveCfg = Debug|Any CPU
		{99A23BD7-2CCE-4093-AE95-764F09402CEB}.Debug|x64.Build.0 = Debug|Any CPU
		{99A23BD7-2CCE-4093-AE95-764F09402CEB}.Debug|x86.ActiveCfg = Debug|Any CPU
		{99A23BD7-2CCE-4093-AE95-764F09402CEB}.Debug|x86.Build.0 = Debug|Any CPU
		{99A23BD7-2CCE-4093-AE95-764F09402CEB}.Release|Any CPU.ActiveCfg = Release|Any CPU
		{99A23BD7-2CCE-4093-AE95-764F09402CEB}.Release|Any CPU.Build.0 = Release|Any CPU
		{99A23BD7-2CCE-4093-AE95-764F09402CEB}.Release|x64.ActiveCfg = Release|Any CPU
		{99A23BD7-2CCE-4093-AE95-764F09402CEB}.Release|x64.Build.0 = Release|Any CPU
		{99A23BD7-2CCE-4093-AE95-764F09402CEB}.Release|x86.ActiveCfg = Release|Any CPU
		{99A23BD7-2CCE-4093-AE95-764F09402CEB}.Release|x86.Build.0 = Release|Any CPU
		{5A8D5869-B45A-4B84-87FE-80368F3F663A}.Debug|Any CPU.ActiveCfg = Debug|Any CPU
		{5A8D5869-B45A-4B84-87FE-80368F3F663A}.Debug|Any CPU.Build.0 = Debug|Any CPU
		{5A8D5869-B45A-4B84-87FE-80368F3F663A}.Debug|x64.ActiveCfg = Debug|Any CPU
		{5A8D5869-B45A-4B84-87FE-80368F3F663A}.Debug|x64.Build.0 = Debug|Any CPU
		{5A8D5869-B45A-4B84-87FE-80368F3F663A}.Debug|x86.ActiveCfg = Debug|Any CPU
		{5A8D5869-B45A-4B84-87FE-80368F3F663A}.Debug|x86.Build.0 = Debug|Any CPU
		{5A8D5869-B45A-4B84-87FE-80368F3F663A}.Release|Any CPU.ActiveCfg = Release|Any CPU
		{5A8D5869-B45A-4B84-87FE-80368F3F663A}.Release|Any CPU.Build.0 = Release|Any CPU
		{5A8D5869-B45A-4B84-87FE-80368F3F663A}.Release|x64.ActiveCfg = Release|Any CPU
		{5A8D5869-B45A-4B84-87FE-80368F3F663A}.Release|x64.Build.0 = Release|Any CPU
		{5A8D5869-B45A-4B84-87FE-80368F3F663A}.Release|x86.ActiveCfg = Release|Any CPU
		{5A8D5869-B45A-4B84-87FE-80368F3F663A}.Release|x86.Build.0 = Release|Any CPU
	EndGlobalSection
	GlobalSection(SolutionProperties) = preSolution
		HideSolutionNode = FALSE
	EndGlobalSection
	GlobalSection(ExtensibilityGlobals) = postSolution
		SolutionGuid = {5A08E2C5-8336-4D15-B60C-48C59C888324}
	EndGlobalSection
EndGlobal
